
Microsoft Visual Studio Solution File, Format Version 12.00
# Visual Studio Version 18
VisualStudioVersion = 18.0.11018.127
MinimumVisualStudioVersion = 10.0.40219.1
Project("{2150E333-8FDC-42A3-9474-1A3956D46DE8}") = "CsGrafeqApplication", "CsGrafeqApplication", "{EAD93855-B844-4115-BD34-A091C454A542}"
EndProject
Project("{FAE04EC0-301F-11D3-BF4B-00C04F79EFBC}") = "CsGrafeqApplication", "CsGrafeqApplication\CsGrafeqApplication\CsGrafeqApplication.csproj", "{8EEBBA0D-2E1B-498A-8A05-4A5A6183013A}"
EndProject
Project("{FAE04EC0-301F-11D3-BF4B-00C04F79EFBC}") = "CsGrafeqApplication.Desktop", "CsGrafeqApplication\CsGrafeqApplication.Desktop\CsGrafeqApplication.Desktop.csproj", "{6BD717D5-C909-479E-BE57-C4ED18C60A6B}"
EndProject
Project("{FAE04EC0-301F-11D3-BF4B-00C04F79EFBC}") = "CsGrafeqApplication.iOS", "CsGrafeqApplication\CsGrafeqApplication.iOS\CsGrafeqApplication.iOS.csproj", "{1D605C00-ABB8-41CE-8DEE-B76C14E316C6}"
EndProject
Project("{FAE04EC0-301F-11D3-BF4B-00C04F79EFBC}") = "CsGrafeqApplication.Browser", "CsGrafeqApplication\CsGrafeqApplication.Browser\CsGrafeqApplication.Browser.csproj", "{6264681A-DCAA-4AEB-AB2F-A685A6DD6F4A}"
EndProject
Project("{2150E333-8FDC-42A3-9474-1A3956D46DE8}") = "CsGrafeq", "CsGrafeq", "{02EA681E-C7D8-13C7-8484-4AC65E1B71E8}"
EndProject
Project("{FAE04EC0-301F-11D3-BF4B-00C04F79EFBC}") = "CsGrafeq.Base", "CsGrafeq\CsGrafeq.Base\CsGrafeq.Base.csproj", "{4B1750C8-3D7E-C514-2778-CA5330D6DAD4}"
EndProject
Project("{FAE04EC0-301F-11D3-BF4B-00C04F79EFBC}") = "CsGrafeq.Interval", "CsGrafeq\CsGrafeq.Interval\CsGrafeq.Interval.csproj", "{C4BD6090-B755-FBDC-02EC-355465BF20EB}"
EndProject
Project("{FAE04EC0-301F-11D3-BF4B-00C04F79EFBC}") = "CsGrafeq.Shapes", "CsGrafeq\CsGrafeq.Shapes\CsGrafeq.Shapes.csproj", "{6A58291E-804A-6971-5173-203E456545E1}"
EndProject
Project("{FAE04EC0-301F-11D3-BF4B-00C04F79EFBC}") = "CsGrafeqApplication.Android", "CsGrafeqApplication\CsGrafeqApplication.Android\CsGrafeqApplication.Android.csproj", "{57E4B1E2-F612-93AC-C973-E0231C778939}"
EndProject
Project("{FAE04EC0-301F-11D3-BF4B-00C04F79EFBC}") = "CsGrafeq.Compiler", "CsGrafeq\CsGrafeq.Compiler\CsGrafeq.Compiler.csproj", "{23EB97D9-FB60-4346-A4BB-B0CF592F6C63}"
EndProject
Project("{FAE04EC0-301F-11D3-BF4B-00C04F79EFBC}") = "CsGrafeq.Debug", "CsGrafeq\CsGrafeq.Debug\CsGrafeq.Debug.csproj", "{F4EB3AF3-1C65-46F7-AF1A-E4BB44245664}"
EndProject
Project("{FAE04EC0-301F-11D3-BF4B-00C04F79EFBC}") = "CsGrafeq.Test", "CsGrafeq\CsGrafeq.Test\CsGrafeq.Test.csproj", "{322842E4-7BC3-4033-938A-18A488A5ADC5}"
EndProject
Project("{FAE04EC0-301F-11D3-BF4B-00C04F79EFBC}") = "CsGrafeq.Windows", "CsGrafeq\CsGrafeq.Windows\CsGrafeq.Windows.csproj", "{1471EB2D-B61A-4AB9-922E-53C8B775944C}"
EndProject
Project("{FAE04EC0-301F-11D3-BF4B-00C04F79EFBC}") = "CsGrafeq.CSharpMath.Editor", "CsGrafeq\CsGrafeq.CSharpMath.Editor\CsGrafeq.CSharpMath.Editor.csproj", "{DB6EF716-D113-4438-8E24-A78C923EF491}"
EndProject
Project("{FAE04EC0-301F-11D3-BF4B-00C04F79EFBC}") = "CsGrafeq.I18N", "CsGrafeq\CsGrafeq.I18N\CsGrafeq.I18N.csproj", "{3A8DE0D5-8007-4A38-A459-482419CF7582}"
EndProject
Project("{FAE04EC0-301F-11D3-BF4B-00C04F79EFBC}") = "CsGrafeqApplication.Core", "CsGrafeqApplication\CsGrafeqApplication.Core\CsGrafeqApplication.Core.csproj", "{20577C81-F1A1-4361-94F7-A1FB387EC46E}"
EndProject
Project("{FAE04EC0-301F-11D3-BF4B-00C04F79EFBC}") = "CsGrafeq.I18N.Generator", "CsGrafeq\CsGrafeq.I18N.Generator\CsGrafeq.I18N.Generator.csproj", "{00614109-A29A-A615-65AB-FBCFA3A1A934}"
EndProject
Global
	GlobalSection(SolutionConfigurationPlatforms) = preSolution
		Debug|Any CPU = Debug|Any CPU
		Release|Any CPU = Release|Any CPU
	EndGlobalSection
	GlobalSection(ProjectConfigurationPlatforms) = postSolution
		{8EEBBA0D-2E1B-498A-8A05-4A5A6183013A}.Debug|Any CPU.ActiveCfg = Debug|Any CPU
		{8EEBBA0D-2E1B-498A-8A05-4A5A6183013A}.Debug|Any CPU.Build.0 = Debug|Any CPU
		{8EEBBA0D-2E1B-498A-8A05-4A5A6183013A}.Release|Any CPU.ActiveCfg = Release|Any CPU
		{8EEBBA0D-2E1B-498A-8A05-4A5A6183013A}.Release|Any CPU.Build.0 = Release|Any CPU
		{6BD717D5-C909-479E-BE57-C4ED18C60A6B}.Debug|Any CPU.ActiveCfg = Debug|Any CPU
		{6BD717D5-C909-479E-BE57-C4ED18C60A6B}.Debug|Any CPU.Build.0 = Debug|Any CPU
		{6BD717D5-C909-479E-BE57-C4ED18C60A6B}.Release|Any CPU.ActiveCfg = Release|Any CPU
		{6BD717D5-C909-479E-BE57-C4ED18C60A6B}.Release|Any CPU.Build.0 = Release|Any CPU
		{1D605C00-ABB8-41CE-8DEE-B76C14E316C6}.Debug|Any CPU.ActiveCfg = Debug|Any CPU
		{1D605C00-ABB8-41CE-8DEE-B76C14E316C6}.Debug|Any CPU.Build.0 = Debug|Any CPU
		{1D605C00-ABB8-41CE-8DEE-B76C14E316C6}.Debug|Any CPU.Deploy.0 = Debug|Any CPU
		{1D605C00-ABB8-41CE-8DEE-B76C14E316C6}.Release|Any CPU.ActiveCfg = Release|Any CPU
		{1D605C00-ABB8-41CE-8DEE-B76C14E316C6}.Release|Any CPU.Build.0 = Release|Any CPU
		{1D605C00-ABB8-41CE-8DEE-B76C14E316C6}.Release|Any CPU.Deploy.0 = Release|Any CPU
		{6264681A-DCAA-4AEB-AB2F-A685A6DD6F4A}.Debug|Any CPU.ActiveCfg = Debug|Any CPU
		{6264681A-DCAA-4AEB-AB2F-A685A6DD6F4A}.Debug|Any CPU.Build.0 = Debug|Any CPU
		{6264681A-DCAA-4AEB-AB2F-A685A6DD6F4A}.Release|Any CPU.ActiveCfg = Release|Any CPU
		{6264681A-DCAA-4AEB-AB2F-A685A6DD6F4A}.Release|Any CPU.Build.0 = Release|Any CPU
		{4B1750C8-3D7E-C514-2778-CA5330D6DAD4}.Debug|Any CPU.ActiveCfg = Debug|Any CPU
		{4B1750C8-3D7E-C514-2778-CA5330D6DAD4}.Debug|Any CPU.Build.0 = Debug|Any CPU
		{4B1750C8-3D7E-C514-2778-CA5330D6DAD4}.Release|Any CPU.ActiveCfg = Release|Any CPU
		{4B1750C8-3D7E-C514-2778-CA5330D6DAD4}.Release|Any CPU.Build.0 = Release|Any CPU
		{C4BD6090-B755-FBDC-02EC-355465BF20EB}.Debug|Any CPU.ActiveCfg = Debug|Any CPU
		{C4BD6090-B755-FBDC-02EC-355465BF20EB}.Debug|Any CPU.Build.0 = Debug|Any CPU
		{C4BD6090-B755-FBDC-02EC-355465BF20EB}.Release|Any CPU.ActiveCfg = Release|Any CPU
		{C4BD6090-B755-FBDC-02EC-355465BF20EB}.Release|Any CPU.Build.0 = Release|Any CPU
		{6A58291E-804A-6971-5173-203E456545E1}.Debug|Any CPU.ActiveCfg = Debug|Any CPU
		{6A58291E-804A-6971-5173-203E456545E1}.Debug|Any CPU.Build.0 = Debug|Any CPU
		{6A58291E-804A-6971-5173-203E456545E1}.Release|Any CPU.ActiveCfg = Release|Any CPU
		{6A58291E-804A-6971-5173-203E456545E1}.Release|Any CPU.Build.0 = Release|Any CPU
		{57E4B1E2-F612-93AC-C973-E0231C778939}.Debug|Any CPU.ActiveCfg = Debug|Any CPU
		{57E4B1E2-F612-93AC-C973-E0231C778939}.Debug|Any CPU.Build.0 = Debug|Any CPU
		{57E4B1E2-F612-93AC-C973-E0231C778939}.Debug|Any CPU.Deploy.0 = Debug|Any CPU
		{57E4B1E2-F612-93AC-C973-E0231C778939}.Release|Any CPU.ActiveCfg = Release|Any CPU
		{57E4B1E2-F612-93AC-C973-E0231C778939}.Release|Any CPU.Build.0 = Release|Any CPU
		{57E4B1E2-F612-93AC-C973-E0231C778939}.Release|Any CPU.Deploy.0 = Release|Any CPU
		{23EB97D9-FB60-4346-A4BB-B0CF592F6C63}.Debug|Any CPU.ActiveCfg = Debug|Any CPU
		{23EB97D9-FB60-4346-A4BB-B0CF592F6C63}.Debug|Any CPU.Build.0 = Debug|Any CPU
		{23EB97D9-FB60-4346-A4BB-B0CF592F6C63}.Release|Any CPU.ActiveCfg = Release|Any CPU
		{23EB97D9-FB60-4346-A4BB-B0CF592F6C63}.Release|Any CPU.Build.0 = Release|Any CPU
		{F4EB3AF3-1C65-46F7-AF1A-E4BB44245664}.Debug|Any CPU.ActiveCfg = Debug|Any CPU
		{F4EB3AF3-1C65-46F7-AF1A-E4BB44245664}.Debug|Any CPU.Build.0 = Debug|Any CPU
		{F4EB3AF3-1C65-46F7-AF1A-E4BB44245664}.Release|Any CPU.ActiveCfg = Release|Any CPU
		{F4EB3AF3-1C65-46F7-AF1A-E4BB44245664}.Release|Any CPU.Build.0 = Release|Any CPU
		{322842E4-7BC3-4033-938A-18A488A5ADC5}.Debug|Any CPU.ActiveCfg = Debug|Any CPU
		{322842E4-7BC3-4033-938A-18A488A5ADC5}.Debug|Any CPU.Build.0 = Debug|Any CPU
		{322842E4-7BC3-4033-938A-18A488A5ADC5}.Release|Any CPU.ActiveCfg = Release|Any CPU
		{322842E4-7BC3-4033-938A-18A488A5ADC5}.Release|Any CPU.Build.0 = Release|Any CPU
		{1471EB2D-B61A-4AB9-922E-53C8B775944C}.Debug|Any CPU.ActiveCfg = Debug|Any CPU
		{1471EB2D-B61A-4AB9-922E-53C8B775944C}.Debug|Any CPU.Build.0 = Debug|Any CPU
		{1471EB2D-B61A-4AB9-922E-53C8B775944C}.Release|Any CPU.ActiveCfg = Release|Any CPU
		{1471EB2D-B61A-4AB9-922E-53C8B775944C}.Release|Any CPU.Build.0 = Release|Any CPU
		{DB6EF716-D113-4438-8E24-A78C923EF491}.Debug|Any CPU.ActiveCfg = Debug|Any CPU
		{DB6EF716-D113-4438-8E24-A78C923EF491}.Debug|Any CPU.Build.0 = Debug|Any CPU
		{DB6EF716-D113-4438-8E24-A78C923EF491}.Release|Any CPU.ActiveCfg = Release|Any CPU
		{DB6EF716-D113-4438-8E24-A78C923EF491}.Release|Any CPU.Build.0 = Release|Any CPU
		{3A8DE0D5-8007-4A38-A459-482419CF7582}.Debug|Any CPU.ActiveCfg = Debug|Any CPU
		{3A8DE0D5-8007-4A38-A459-482419CF7582}.Debug|Any CPU.Build.0 = Debug|Any CPU
		{3A8DE0D5-8007-4A38-A459-482419CF7582}.Release|Any CPU.ActiveCfg = Release|Any CPU
		{3A8DE0D5-8007-4A38-A459-482419CF7582}.Release|Any CPU.Build.0 = Release|Any CPU
		{20577C81-F1A1-4361-94F7-A1FB387EC46E}.Debug|Any CPU.ActiveCfg = Debug|Any CPU
		{20577C81-F1A1-4361-94F7-A1FB387EC46E}.Debug|Any CPU.Build.0 = Debug|Any CPU
		{20577C81-F1A1-4361-94F7-A1FB387EC46E}.Release|Any CPU.ActiveCfg = Release|Any CPU
		{20577C81-F1A1-4361-94F7-A1FB387EC46E}.Release|Any CPU.Build.0 = Release|Any CPU
		{00614109-A29A-A615-65AB-FBCFA3A1A934}.Debug|Any CPU.ActiveCfg = Debug|Any CPU
		{00614109-A29A-A615-65AB-FBCFA3A1A934}.Debug|Any CPU.Build.0 = Debug|Any CPU
		{00614109-A29A-A615-65AB-FBCFA3A1A934}.Release|Any CPU.ActiveCfg = Release|Any CPU
		{00614109-A29A-A615-65AB-FBCFA3A1A934}.Release|Any CPU.Build.0 = Release|Any CPU
	EndGlobalSection
	GlobalSection(SolutionProperties) = preSolution
		HideSolutionNode = FALSE
	EndGlobalSection
	GlobalSection(NestedProjects) = preSolution
		{8EEBBA0D-2E1B-498A-8A05-4A5A6183013A} = {EAD93855-B844-4115-BD34-A091C454A542}
		{6BD717D5-C909-479E-BE57-C4ED18C60A6B} = {EAD93855-B844-4115-BD34-A091C454A542}
		{1D605C00-ABB8-41CE-8DEE-B76C14E316C6} = {EAD93855-B844-4115-BD34-A091C454A542}
		{6264681A-DCAA-4AEB-AB2F-A685A6DD6F4A} = {EAD93855-B844-4115-BD34-A091C454A542}
		{4B1750C8-3D7E-C514-2778-CA5330D6DAD4} = {02EA681E-C7D8-13C7-8484-4AC65E1B71E8}
		{C4BD6090-B755-FBDC-02EC-355465BF20EB} = {02EA681E-C7D8-13C7-8484-4AC65E1B71E8}
		{6A58291E-804A-6971-5173-203E456545E1} = {02EA681E-C7D8-13C7-8484-4AC65E1B71E8}
		{57E4B1E2-F612-93AC-C973-E0231C778939} = {EAD93855-B844-4115-BD34-A091C454A542}
		{23EB97D9-FB60-4346-A4BB-B0CF592F6C63} = {02EA681E-C7D8-13C7-8484-4AC65E1B71E8}
		{F4EB3AF3-1C65-46F7-AF1A-E4BB44245664} = {02EA681E-C7D8-13C7-8484-4AC65E1B71E8}
		{322842E4-7BC3-4033-938A-18A488A5ADC5} = {02EA681E-C7D8-13C7-8484-4AC65E1B71E8}
		{1471EB2D-B61A-4AB9-922E-53C8B775944C} = {02EA681E-C7D8-13C7-8484-4AC65E1B71E8}
		{DB6EF716-D113-4438-8E24-A78C923EF491} = {02EA681E-C7D8-13C7-8484-4AC65E1B71E8}
		{3A8DE0D5-8007-4A38-A459-482419CF7582} = {02EA681E-C7D8-13C7-8484-4AC65E1B71E8}
		{20577C81-F1A1-4361-94F7-A1FB387EC46E} = {EAD93855-B844-4115-BD34-A091C454A542}
		{00614109-A29A-A615-65AB-FBCFA3A1A934} = {02EA681E-C7D8-13C7-8484-4AC65E1B71E8}
	EndGlobalSection
	GlobalSection(ExtensibilityGlobals) = postSolution
		SolutionGuid = {5A59E9EE-CB1C-46E4-84FF-9F8B019627AD}
	EndGlobalSection
EndGlobal
