
Microsoft Visual Studio Solution File, Format Version 12.00
# Visual Studio Version 17
VisualStudioVersion = 17.13.35913.81
MinimumVisualStudioVersion = 10.0.40219.1
Project("{FAE04EC0-301F-11D3-BF4B-00C04F79EFBC}") = "CsGrafeqApp", "CsGrafeqApp\CsGrafeqApp.csproj", "{0833545A-8854-45C0-A92C-494FA98E3A54}"
EndProject
Project("{FAE04EC0-301F-11D3-BF4B-00C04F79EFBC}") = "CsGrafeq", "CsGrafeq\CsGrafeq.csproj", "{2C510DDE-7A3B-42BC-88DB-057FCADF379E}"
EndProject
Global
	GlobalSection(SolutionConfigurationPlatforms) = preSolution
		Debug|Any CPU = Debug|Any CPU
		Release|Any CPU = Release|Any CPU
	EndGlobalSection
	GlobalSection(ProjectConfigurationPlatforms) = postSolution
		{0833545A-8854-45C0-A92C-494FA98E3A54}.Debug|Any CPU.ActiveCfg = Debug|Any CPU
		{0833545A-8854-45C0-A92C-494FA98E3A54}.Debug|Any CPU.Build.0 = Debug|Any CPU
		{0833545A-8854-45C0-A92C-494FA98E3A54}.Release|Any CPU.ActiveCfg = Release|Any CPU
		{0833545A-8854-45C0-A92C-494FA98E3A54}.Release|Any CPU.Build.0 = Release|Any CPU
		{2C510DDE-7A3B-42BC-88DB-057FCADF379E}.Debug|Any CPU.ActiveCfg = Debug|Any CPU
		{2C510DDE-7A3B-42BC-88DB-057FCADF379E}.Debug|Any CPU.Build.0 = Debug|Any CPU
		{2C510DDE-7A3B-42BC-88DB-057FCADF379E}.Release|Any CPU.ActiveCfg = Release|Any CPU
		{2C510DDE-7A3B-42BC-88DB-057FCADF379E}.Release|Any CPU.Build.0 = Release|Any CPU
	EndGlobalSection
	GlobalSection(SolutionProperties) = preSolution
		HideSolutionNode = FALSE
	EndGlobalSection
	GlobalSection(ExtensibilityGlobals) = postSolution
		SolutionGuid = {5A59E9EE-CB1C-46E4-84FF-9F8B019627AD}
	EndGlobalSection
EndGlobal
